
Microsoft Visual Studio Solution File, Format Version 12.00
# Visual Studio Version 17
VisualStudioVersion = 17.0.31903.59
MinimumVisualStudioVersion = 10.0.40219.1
Project("{FAE04EC0-301F-11D3-BF4B-00C04F79EFBC}") = "SelectionSort", "SelectionSort.csproj", "{15F358F9-C054-4838-8883-275F3296F1A0}"
EndProject
Project("{FAE04EC0-301F-11D3-BF4B-00C04F79EFBC}") = "SelectionSort.Tests", "..\Tests\SelectionSort.Tests\SelectionSort.Tests.csproj", "{1F39FDB5-5AD9-4061-B7B3-0CB962D79FA7}"
EndProject
Global
	GlobalSection(SolutionConfigurationPlatforms) = preSolution
		Debug|Any CPU = Debug|Any CPU
		Release|Any CPU = Release|Any CPU
	EndGlobalSection
	GlobalSection(SolutionProperties) = preSolution
		HideSolutionNode = FALSE
	EndGlobalSection
	GlobalSection(ProjectConfigurationPlatforms) = postSolution
		{15F358F9-C054-4838-8883-275F3296F1A0}.Debug|Any CPU.ActiveCfg = Debug|Any CPU
		{15F358F9-C054-4838-8883-275F3296F1A0}.Debug|Any CPU.Build.0 = Debug|Any CPU
		{15F358F9-C054-4838-8883-275F3296F1A0}.Release|Any CPU.ActiveCfg = Release|Any CPU
		{15F358F9-C054-4838-8883-275F3296F1A0}.Release|Any CPU.Build.0 = Release|Any CPU
		{1F39FDB5-5AD9-4061-B7B3-0CB962D79FA7}.Debug|Any CPU.ActiveCfg = Debug|Any CPU
		{1F39FDB5-5AD9-4061-B7B3-0CB962D79FA7}.Debug|Any CPU.Build.0 = Debug|Any CPU
		{1F39FDB5-5AD9-4061-B7B3-0CB962D79FA7}.Release|Any CPU.ActiveCfg = Release|Any CPU
		{1F39FDB5-5AD9-4061-B7B3-0CB962D79FA7}.Release|Any CPU.Build.0 = Release|Any CPU
	EndGlobalSection
EndGlobal
