
Microsoft Visual Studio Solution File, Format Version 12.00
# Visual Studio Version 17
VisualStudioVersion = 17.0.31903.59
MinimumVisualStudioVersion = 10.0.40219.1
Project("{FAE04EC0-301F-11D3-BF4B-00C04F79EFBC}") = "Queue", "Queue.csproj", "{F085B6F5-9170-4223-BCE3-61813EC3C2B4}"
EndProject
Project("{FAE04EC0-301F-11D3-BF4B-00C04F79EFBC}") = "Queue.Tests", "..\Tests\Queue.Tests\Queue.Tests.csproj", "{9E8A7B8B-43CD-470A-86EA-12182C877C33}"
EndProject
Global
	GlobalSection(SolutionConfigurationPlatforms) = preSolution
		Debug|Any CPU = Debug|Any CPU
		Release|Any CPU = Release|Any CPU
	EndGlobalSection
	GlobalSection(SolutionProperties) = preSolution
		HideSolutionNode = FALSE
	EndGlobalSection
	GlobalSection(ProjectConfigurationPlatforms) = postSolution
		{F085B6F5-9170-4223-BCE3-61813EC3C2B4}.Debug|Any CPU.ActiveCfg = Debug|Any CPU
		{F085B6F5-9170-4223-BCE3-61813EC3C2B4}.Debug|Any CPU.Build.0 = Debug|Any CPU
		{F085B6F5-9170-4223-BCE3-61813EC3C2B4}.Release|Any CPU.ActiveCfg = Release|Any CPU
		{F085B6F5-9170-4223-BCE3-61813EC3C2B4}.Release|Any CPU.Build.0 = Release|Any CPU
		{9E8A7B8B-43CD-470A-86EA-12182C877C33}.Debug|Any CPU.ActiveCfg = Debug|Any CPU
		{9E8A7B8B-43CD-470A-86EA-12182C877C33}.Debug|Any CPU.Build.0 = Debug|Any CPU
		{9E8A7B8B-43CD-470A-86EA-12182C877C33}.Release|Any CPU.ActiveCfg = Release|Any CPU
		{9E8A7B8B-43CD-470A-86EA-12182C877C33}.Release|Any CPU.Build.0 = Release|Any CPU
	EndGlobalSection
EndGlobal
