
Microsoft Visual Studio Solution File, Format Version 12.00
# Visual Studio Version 17
VisualStudioVersion = 17.0.31903.59
MinimumVisualStudioVersion = 10.0.40219.1
Project("{FAE04EC0-301F-11D3-BF4B-00C04F79EFBC}") = "BinarySearch", "BinarySearch.csproj", "{47B07E0D-4B4E-4124-AFAF-822661493957}"
EndProject
Project("{FAE04EC0-301F-11D3-BF4B-00C04F79EFBC}") = "BinarySearch.Tests", "..\Tests\BinarySearch.Tests\BinarySearch.Tests.csproj", "{390A1C26-0ECF-4237-8712-912B0F356ABA}"
EndProject
Global
	GlobalSection(SolutionConfigurationPlatforms) = preSolution
		Debug|Any CPU = Debug|Any CPU
		Release|Any CPU = Release|Any CPU
	EndGlobalSection
	GlobalSection(SolutionProperties) = preSolution
		HideSolutionNode = FALSE
	EndGlobalSection
	GlobalSection(ProjectConfigurationPlatforms) = postSolution
		{47B07E0D-4B4E-4124-AFAF-822661493957}.Debug|Any CPU.ActiveCfg = Debug|Any CPU
		{47B07E0D-4B4E-4124-AFAF-822661493957}.Debug|Any CPU.Build.0 = Debug|Any CPU
		{47B07E0D-4B4E-4124-AFAF-822661493957}.Release|Any CPU.ActiveCfg = Release|Any CPU
		{47B07E0D-4B4E-4124-AFAF-822661493957}.Release|Any CPU.Build.0 = Release|Any CPU
		{390A1C26-0ECF-4237-8712-912B0F356ABA}.Debug|Any CPU.ActiveCfg = Debug|Any CPU
		{390A1C26-0ECF-4237-8712-912B0F356ABA}.Debug|Any CPU.Build.0 = Debug|Any CPU
		{390A1C26-0ECF-4237-8712-912B0F356ABA}.Release|Any CPU.ActiveCfg = Release|Any CPU
		{390A1C26-0ECF-4237-8712-912B0F356ABA}.Release|Any CPU.Build.0 = Release|Any CPU
	EndGlobalSection
EndGlobal
